// !$*UTF8*$!
{
	archiveVersion = 1;
	classes = {
	};
	objectVersion = 77;
	objects = {

/* Begin PBXContainerItemProxy section */
		92BCEC452CCBA69B007CA175 /* PBXContainerItemProxy */ = {
			isa = PBXContainerItemProxy;
			containerPortal = 92BCEC2C2CCBA699007CA175 /* Project object */;
			proxyType = 1;
			remoteGlobalIDString = 92BCEC332CCBA699007CA175;
			remoteInfo = "xcresult-summary-app";
		};
		92BCEC4F2CCBA69B007CA175 /* PBXContainerItemProxy */ = {
			isa = PBXContainerItemProxy;
			containerPortal = 92BCEC2C2CCBA699007CA175 /* Project object */;
			proxyType = 1;
			remoteGlobalIDString = 92BCEC332CCBA699007CA175;
			remoteInfo = "xcresult-summary-app";
		};
/* End PBXContainerItemProxy section */

/* Begin PBXFileReference section */
		92BCEC342CCBA699007CA175 /* xcresult-summary-app.app */ = {isa = PBXFileReference; explicitFileType = wrapper.application; includeInIndex = 0; path = "xcresult-summary-app.app"; sourceTree = BUILT_PRODUCTS_DIR; };
		92BCEC442CCBA69B007CA175 /* xcresult-summary-appTests.xctest */ = {isa = PBXFileReference; explicitFileType = wrapper.cfbundle; includeInIndex = 0; path = "xcresult-summary-appTests.xctest"; sourceTree = BUILT_PRODUCTS_DIR; };
		92BCEC4E2CCBA69B007CA175 /* xcresult-summary-appUITests.xctest */ = {isa = PBXFileReference; explicitFileType = wrapper.cfbundle; includeInIndex = 0; path = "xcresult-summary-appUITests.xctest"; sourceTree = BUILT_PRODUCTS_DIR; };
/* End PBXFileReference section */

/* Begin PBXFileSystemSynchronizedRootGroup section */
		92BCEC362CCBA699007CA175 /* xcresult-summary-app */ = {
			isa = PBXFileSystemSynchronizedRootGroup;
			path = "xcresult-summary-app";
			sourceTree = "<group>";
		};
		92BCEC472CCBA69B007CA175 /* xcresult-summary-appTests */ = {
			isa = PBXFileSystemSynchronizedRootGroup;
			path = "xcresult-summary-appTests";
			sourceTree = "<group>";
		};
		92BCEC512CCBA69B007CA175 /* xcresult-summary-appUITests */ = {
			isa = PBXFileSystemSynchronizedRootGroup;
			path = "xcresult-summary-appUITests";
			sourceTree = "<group>";
		};
/* End PBXFileSystemSynchronizedRootGroup section */

/* Begin PBXFrameworksBuildPhase section */
		92BCEC312CCBA699007CA175 /* Frameworks */ = {
			isa = PBXFrameworksBuildPhase;
			buildActionMask = 2147483647;
			files = (
			);
			runOnlyForDeploymentPostprocessing = 0;
		};
		92BCEC412CCBA69B007CA175 /* Frameworks */ = {
			isa = PBXFrameworksBuildPhase;
			buildActionMask = 2147483647;
			files = (
			);
			runOnlyForDeploymentPostprocessing = 0;
		};
		92BCEC4B2CCBA69B007CA175 /* Frameworks */ = {
			isa = PBXFrameworksBuildPhase;
			buildActionMask = 2147483647;
			files = (
			);
			runOnlyForDeploymentPostprocessing = 0;
		};
/* End PBXFrameworksBuildPhase section */

/* Begin PBXGroup section */
		92BCEC2B2CCBA699007CA175 = {
			isa = PBXGroup;
			children = (
				92BCEC362CCBA699007CA175 /* xcresult-summary-app */,
				92BCEC472CCBA69B007CA175 /* xcresult-summary-appTests */,
				92BCEC512CCBA69B007CA175 /* xcresult-summary-appUITests */,
				92BCEC352CCBA699007CA175 /* Products */,
			);
			sourceTree = "<group>";
		};
		92BCEC352CCBA699007CA175 /* Products */ = {
			isa = PBXGroup;
			children = (
				92BCEC342CCBA699007CA175 /* xcresult-summary-app.app */,
				92BCEC442CCBA69B007CA175 /* xcresult-summary-appTests.xctest */,
				92BCEC4E2CCBA69B007CA175 /* xcresult-summary-appUITests.xctest */,
			);
			name = Products;
			sourceTree = "<group>";
		};
/* End PBXGroup section */

/* Begin PBXNativeTarget section */
		92BCEC332CCBA699007CA175 /* xcresult-summary-app */ = {
			isa = PBXNativeTarget;
			buildConfigurationList = 92BCEC582CCBA69B007CA175 /* Build configuration list for PBXNativeTarget "xcresult-summary-app" */;
			buildPhases = (
				92BCEC302CCBA699007CA175 /* Sources */,
				92BCEC312CCBA699007CA175 /* Frameworks */,
				92BCEC322CCBA699007CA175 /* Resources */,
			);
			buildRules = (
			);
			dependencies = (
			);
			fileSystemSynchronizedGroups = (
				92BCEC362CCBA699007CA175 /* xcresult-summary-app */,
			);
			name = "xcresult-summary-app";
			packageProductDependencies = (
			);
			productName = "xcresult-summary-app";
			productReference = 92BCEC342CCBA699007CA175 /* xcresult-summary-app.app */;
			productType = "com.apple.product-type.application";
		};
		92BCEC432CCBA69B007CA175 /* xcresult-summary-appTests */ = {
			isa = PBXNativeTarget;
			buildConfigurationList = 92BCEC5B2CCBA69B007CA175 /* Build configuration list for PBXNativeTarget "xcresult-summary-appTests" */;
			buildPhases = (
				92BCEC402CCBA69B007CA175 /* Sources */,
				92BCEC412CCBA69B007CA175 /* Frameworks */,
				92BCEC422CCBA69B007CA175 /* Resources */,
			);
			buildRules = (
			);
			dependencies = (
				92BCEC462CCBA69B007CA175 /* PBXTargetDependency */,
			);
			fileSystemSynchronizedGroups = (
				92BCEC472CCBA69B007CA175 /* xcresult-summary-appTests */,
			);
			name = "xcresult-summary-appTests";
			packageProductDependencies = (
			);
			productName = "xcresult-summary-appTests";
			productReference = 92BCEC442CCBA69B007CA175 /* xcresult-summary-appTests.xctest */;
			productType = "com.apple.product-type.bundle.unit-test";
		};
		92BCEC4D2CCBA69B007CA175 /* xcresult-summary-appUITests */ = {
			isa = PBXNativeTarget;
			buildConfigurationList = 92BCEC5E2CCBA69B007CA175 /* Build configuration list for PBXNativeTarget "xcresult-summary-appUITests" */;
			buildPhases = (
				92BCEC4A2CCBA69B007CA175 /* Sources */,
				92BCEC4B2CCBA69B007CA175 /* Frameworks */,
				92BCEC4C2CCBA69B007CA175 /* Resources */,
			);
			buildRules = (
			);
			dependencies = (
				92BCEC502CCBA69B007CA175 /* PBXTargetDependency */,
			);
			fileSystemSynchronizedGroups = (
				92BCEC512CCBA69B007CA175 /* xcresult-summary-appUITests */,
			);
			name = "xcresult-summary-appUITests";
			packageProductDependencies = (
			);
			productName = "xcresult-summary-appUITests";
			productReference = 92BCEC4E2CCBA69B007CA175 /* xcresult-summary-appUITests.xctest */;
			productType = "com.apple.product-type.bundle.ui-testing";
		};
/* End PBXNativeTarget section */

/* Begin PBXProject section */
		92BCEC2C2CCBA699007CA175 /* Project object */ = {
			isa = PBXProject;
			attributes = {
				BuildIndependentTargetsInParallel = 1;
				LastSwiftUpdateCheck = 1600;
				LastUpgradeCheck = 1600;
				TargetAttributes = {
					92BCEC332CCBA699007CA175 = {
						CreatedOnToolsVersion = 16.0;
					};
					92BCEC432CCBA69B007CA175 = {
						CreatedOnToolsVersion = 16.0;
						TestTargetID = 92BCEC332CCBA699007CA175;
					};
					92BCEC4D2CCBA69B007CA175 = {
						CreatedOnToolsVersion = 16.0;
						TestTargetID = 92BCEC332CCBA699007CA175;
					};
				};
			};
			buildConfigurationList = 92BCEC2F2CCBA699007CA175 /* Build configuration list for PBXProject "xcresult-summary-app" */;
			developmentRegion = en;
			hasScannedForEncodings = 0;
			knownRegions = (
				en,
				Base,
			);
			mainGroup = 92BCEC2B2CCBA699007CA175;
			minimizedProjectReferenceProxies = 1;
			preferredProjectObjectVersion = 77;
			productRefGroup = 92BCEC352CCBA699007CA175 /* Products */;
			projectDirPath = "";
			projectRoot = "";
			targets = (
				92BCEC332CCBA699007CA175 /* xcresult-summary-app */,
				92BCEC432CCBA69B007CA175 /* xcresult-summary-appTests */,
				92BCEC4D2CCBA69B007CA175 /* xcresult-summary-appUITests */,
			);
		};
/* End PBXProject section */

/* Begin PBXResourcesBuildPhase section */
		92BCEC322CCBA699007CA175 /* Resources */ = {
			isa = PBXResourcesBuildPhase;
			buildActionMask = 2147483647;
			files = (
			);
			runOnlyForDeploymentPostprocessing = 0;
		};
		92BCEC422CCBA69B007CA175 /* Resources */ = {
			isa = PBXResourcesBuildPhase;
			buildActionMask = 2147483647;
			files = (
			);
			runOnlyForDeploymentPostprocessing = 0;
		};
		92BCEC4C2CCBA69B007CA175 /* Resources */ = {
			isa = PBXResourcesBuildPhase;
			buildActionMask = 2147483647;
			files = (
			);
			runOnlyForDeploymentPostprocessing = 0;
		};
/* End PBXResourcesBuildPhase section */

/* Begin PBXSourcesBuildPhase section */
		92BCEC302CCBA699007CA175 /* Sources */ = {
			isa = PBXSourcesBuildPhase;
			buildActionMask = 2147483647;
			files = (
			);
			runOnlyForDeploymentPostprocessing = 0;
		};
		92BCEC402CCBA69B007CA175 /* Sources */ = {
			isa = PBXSourcesBuildPhase;
			buildActionMask = 2147483647;
			files = (
			);
			runOnlyForDeploymentPostprocessing = 0;
		};
		92BCEC4A2CCBA69B007CA175 /* Sources */ = {
			isa = PBXSourcesBuildPhase;
			buildActionMask = 2147483647;
			files = (
			);
			runOnlyForDeploymentPostprocessing = 0;
		};
/* End PBXSourcesBuildPhase section */

/* Begin PBXTargetDependency section */
		92BCEC462CCBA69B007CA175 /* PBXTargetDependency */ = {
			isa = PBXTargetDependency;
			target = 92BCEC332CCBA699007CA175 /* xcresult-summary-app */;
			targetProxy = 92BCEC452CCBA69B007CA175 /* PBXContainerItemProxy */;
		};
		92BCEC502CCBA69B007CA175 /* PBXTargetDependency */ = {
			isa = PBXTargetDependency;
			target = 92BCEC332CCBA699007CA175 /* xcresult-summary-app */;
			targetProxy = 92BCEC4F2CCBA69B007CA175 /* PBXContainerItemProxy */;
		};
/* End PBXTargetDependency section */

/* Begin XCBuildConfiguration section */
		92BCEC562CCBA69B007CA175 /* Debug */ = {
			isa = XCBuildConfiguration;
			buildSettings = {
				ALWAYS_SEARCH_USER_PATHS = NO;
				ASSETCATALOG_COMPILER_GENERATE_SWIFT_ASSET_SYMBOL_EXTENSIONS = YES;
				CLANG_ANALYZER_NONNULL = YES;
				CLANG_ANALYZER_NUMBER_OBJECT_CONVERSION = YES_AGGRESSIVE;
				CLANG_CXX_LANGUAGE_STANDARD = "gnu++20";
				CLANG_ENABLE_MODULES = YES;
				CLANG_ENABLE_OBJC_ARC = YES;
				CLANG_ENABLE_OBJC_WEAK = YES;
				CLANG_WARN_BLOCK_CAPTURE_AUTORELEASING = YES;
				CLANG_WARN_BOOL_CONVERSION = YES;
				CLANG_WARN_COMMA = YES;
				CLANG_WARN_CONSTANT_CONVERSION = YES;
				CLANG_WARN_DEPRECATED_OBJC_IMPLEMENTATIONS = YES;
				CLANG_WARN_DIRECT_OBJC_ISA_USAGE = YES_ERROR;
				CLANG_WARN_DOCUMENTATION_COMMENTS = YES;
				CLANG_WARN_EMPTY_BODY = YES;
				CLANG_WARN_ENUM_CONVERSION = YES;
				CLANG_WARN_INFINITE_RECURSION = YES;
				CLANG_WARN_INT_CONVERSION = YES;
				CLANG_WARN_NON_LITERAL_NULL_CONVERSION = YES;
				CLANG_WARN_OBJC_IMPLICIT_RETAIN_SELF = YES;
				CLANG_WARN_OBJC_LITERAL_CONVERSION = YES;
				CLANG_WARN_OBJC_ROOT_CLASS = YES_ERROR;
				CLANG_WARN_QUOTED_INCLUDE_IN_FRAMEWORK_HEADER = YES;
				CLANG_WARN_RANGE_LOOP_ANALYSIS = YES;
				CLANG_WARN_STRICT_PROTOTYPES = YES;
				CLANG_WARN_SUSPICIOUS_MOVE = YES;
				CLANG_WARN_UNGUARDED_AVAILABILITY = YES_AGGRESSIVE;
				CLANG_WARN_UNREACHABLE_CODE = YES;
				CLANG_WARN__DUPLICATE_METHOD_MATCH = YES;
				COPY_PHASE_STRIP = NO;
				DEBUG_INFORMATION_FORMAT = dwarf;
				ENABLE_STRICT_OBJC_MSGSEND = YES;
				ENABLE_TESTABILITY = YES;
				ENABLE_USER_SCRIPT_SANDBOXING = YES;
				GCC_C_LANGUAGE_STANDARD = gnu17;
				GCC_DYNAMIC_NO_PIC = NO;
				GCC_NO_COMMON_BLOCKS = YES;
				GCC_OPTIMIZATION_LEVEL = 0;
				GCC_PREPROCESSOR_DEFINITIONS = (
					"DEBUG=1",
					"$(inherited)",
				);
				GCC_WARN_64_TO_32_BIT_CONVERSION = YES;
				GCC_WARN_ABOUT_RETURN_TYPE = YES_ERROR;
				GCC_WARN_UNDECLARED_SELECTOR = YES;
				GCC_WARN_UNINITIALIZED_AUTOS = YES_AGGRESSIVE;
				GCC_WARN_UNUSED_FUNCTION = YES;
				GCC_WARN_UNUSED_VARIABLE = YES;
				IPHONEOS_DEPLOYMENT_TARGET = 18.0;
				LOCALIZATION_PREFERS_STRING_CATALOGS = YES;
				MTL_ENABLE_DEBUG_INFO = INCLUDE_SOURCE;
				MTL_FAST_MATH = YES;
				ONLY_ACTIVE_ARCH = YES;
				SDKROOT = iphoneos;
				SWIFT_ACTIVE_COMPILATION_CONDITIONS = "DEBUG $(inherited)";
				SWIFT_OPTIMIZATION_LEVEL = "-Onone";
			};
			name = Debug;
		};
		92BCEC572CCBA69B007CA175 /* Release */ = {
			isa = XCBuildConfiguration;
			buildSettings = {
				ALWAYS_SEARCH_USER_PATHS = NO;
				ASSETCATALOG_COMPILER_GENERATE_SWIFT_ASSET_SYMBOL_EXTENSIONS = YES;
				CLANG_ANALYZER_NONNULL = YES;
				CLANG_ANALYZER_NUMBER_OBJECT_CONVERSION = YES_AGGRESSIVE;
				CLANG_CXX_LANGUAGE_STANDARD = "gnu++20";
				CLANG_ENABLE_MODULES = YES;
				CLANG_ENABLE_OBJC_ARC = YES;
				CLANG_ENABLE_OBJC_WEAK = YES;
				CLANG_WARN_BLOCK_CAPTURE_AUTORELEASING = YES;
				CLANG_WARN_BOOL_CONVERSION = YES;
				CLANG_WARN_COMMA = YES;
				CLANG_WARN_CONSTANT_CONVERSION = YES;
				CLANG_WARN_DEPRECATED_OBJC_IMPLEMENTATIONS = YES;
				CLANG_WARN_DIRECT_OBJC_ISA_USAGE = YES_ERROR;
				CLANG_WARN_DOCUMENTATION_COMMENTS = YES;
				CLANG_WARN_EMPTY_BODY = YES;
				CLANG_WARN_ENUM_CONVERSION = YES;
				CLANG_WARN_INFINITE_RECURSION = YES;
				CLANG_WARN_INT_CONVERSION = YES;
				CLANG_WARN_NON_LITERAL_NULL_CONVERSION = YES;
				CLANG_WARN_OBJC_IMPLICIT_RETAIN_SELF = YES;
				CLANG_WARN_OBJC_LITERAL_CONVERSION = YES;
				CLANG_WARN_OBJC_ROOT_CLASS = YES_ERROR;
				CLANG_WARN_QUOTED_INCLUDE_IN_FRAMEWORK_HEADER = YES;
				CLANG_WARN_RANGE_LOOP_ANALYSIS = YES;
				CLANG_WARN_STRICT_PROTOTYPES = YES;
				CLANG_WARN_SUSPICIOUS_MOVE = YES;
				CLANG_WARN_UNGUARDED_AVAILABILITY = YES_AGGRESSIVE;
				CLANG_WARN_UNREACHABLE_CODE = YES;
				CLANG_WARN__DUPLICATE_METHOD_MATCH = YES;
				COPY_PHASE_STRIP = NO;
				DEBUG_INFORMATION_FORMAT = "dwarf-with-dsym";
				ENABLE_NS_ASSERTIONS = NO;
				ENABLE_STRICT_OBJC_MSGSEND = YES;
				ENABLE_USER_SCRIPT_SANDBOXING = YES;
				GCC_C_LANGUAGE_STANDARD = gnu17;
				GCC_NO_COMMON_BLOCKS = YES;
				GCC_WARN_64_TO_32_BIT_CONVERSION = YES;
				GCC_WARN_ABOUT_RETURN_TYPE = YES_ERROR;
				GCC_WARN_UNDECLARED_SELECTOR = YES;
				GCC_WARN_UNINITIALIZED_AUTOS = YES_AGGRESSIVE;
				GCC_WARN_UNUSED_FUNCTION = YES;
				GCC_WARN_UNUSED_VARIABLE = YES;
				IPHONEOS_DEPLOYMENT_TARGET = 18.0;
				LOCALIZATION_PREFERS_STRING_CATALOGS = YES;
				MTL_ENABLE_DEBUG_INFO = NO;
				MTL_FAST_MATH = YES;
				SDKROOT = iphoneos;
				SWIFT_COMPILATION_MODE = wholemodule;
				VALIDATE_PRODUCT = YES;
			};
			name = Release;
		};
		92BCEC592CCBA69B007CA175 /* Debug */ = {
			isa = XCBuildConfiguration;
			buildSettings = {
				ASSETCATALOG_COMPILER_APPICON_NAME = AppIcon;
				ASSETCATALOG_COMPILER_GLOBAL_ACCENT_COLOR_NAME = AccentColor;
				CODE_SIGN_STYLE = Automatic;
				CURRENT_PROJECT_VERSION = 1;
				DEVELOPMENT_ASSET_PATHS = "\"xcresult-summary-app/Preview Content\"";
				DEVELOPMENT_TEAM = 8CDS4RQQHP;
				ENABLE_PREVIEWS = YES;
				GENERATE_INFOPLIST_FILE = YES;
				INFOPLIST_KEY_UIApplicationSceneManifest_Generation = YES;
				INFOPLIST_KEY_UIApplicationSupportsIndirectInputEvents = YES;
				INFOPLIST_KEY_UILaunchScreen_Generation = YES;
				INFOPLIST_KEY_UISupportedInterfaceOrientations_iPad = "UIInterfaceOrientationPortrait UIInterfaceOrientationPortraitUpsideDown UIInterfaceOrientationLandscapeLeft UIInterfaceOrientationLandscapeRight";
				INFOPLIST_KEY_UISupportedInterfaceOrientations_iPhone = "UIInterfaceOrientationPortrait UIInterfaceOrientationLandscapeLeft UIInterfaceOrientationLandscapeRight";
				LD_RUNPATH_SEARCH_PATHS = (
					"$(inherited)",
					"@executable_path/Frameworks",
				);
				MARKETING_VERSION = 1.0;
				PRODUCT_BUNDLE_IDENTIFIER = "com.Aplaice.xcresult-summary-app";
				PRODUCT_NAME = "$(TARGET_NAME)";
				SWIFT_EMIT_LOC_STRINGS = YES;
				SWIFT_VERSION = 5.0;
				TARGETED_DEVICE_FAMILY = "1,2";
			};
			name = Debug;
		};
		92BCEC5A2CCBA69B007CA175 /* Release */ = {
			isa = XCBuildConfiguration;
			buildSettings = {
				ASSETCATALOG_COMPILER_APPICON_NAME = AppIcon;
				ASSETCATALOG_COMPILER_GLOBAL_ACCENT_COLOR_NAME = AccentColor;
				CODE_SIGN_STYLE = Automatic;
				CURRENT_PROJECT_VERSION = 1;
				DEVELOPMENT_ASSET_PATHS = "\"xcresult-summary-app/Preview Content\"";
				DEVELOPMENT_TEAM = 8CDS4RQQHP;
				ENABLE_PREVIEWS = YES;
				GENERATE_INFOPLIST_FILE = YES;
				INFOPLIST_KEY_UIApplicationSceneManifest_Generation = YES;
				INFOPLIST_KEY_UIApplicationSupportsIndirectInputEvents = YES;
				INFOPLIST_KEY_UILaunchScreen_Generation = YES;
				INFOPLIST_KEY_UISupportedInterfaceOrientations_iPad = "UIInterfaceOrientationPortrait UIInterfaceOrientationPortraitUpsideDown UIInterfaceOrientationLandscapeLeft UIInterfaceOrientationLandscapeRight";
				INFOPLIST_KEY_UISupportedInterfaceOrientations_iPhone = "UIInterfaceOrientationPortrait UIInterfaceOrientationLandscapeLeft UIInterfaceOrientationLandscapeRight";
				LD_RUNPATH_SEARCH_PATHS = (
					"$(inherited)",
					"@executable_path/Frameworks",
				);
				MARKETING_VERSION = 1.0;
				PRODUCT_BUNDLE_IDENTIFIER = "com.Aplaice.xcresult-summary-app";
				PRODUCT_NAME = "$(TARGET_NAME)";
				SWIFT_EMIT_LOC_STRINGS = YES;
				SWIFT_VERSION = 5.0;
				TARGETED_DEVICE_FAMILY = "1,2";
			};
			name = Release;
		};
		92BCEC5C2CCBA69B007CA175 /* Debug */ = {
			isa = XCBuildConfiguration;
			buildSettings = {
				BUNDLE_LOADER = "$(TEST_HOST)";
				CODE_SIGN_STYLE = Automatic;
				CURRENT_PROJECT_VERSION = 1;
				DEVELOPMENT_TEAM = 8CDS4RQQHP;
				GENERATE_INFOPLIST_FILE = YES;
				IPHONEOS_DEPLOYMENT_TARGET = 18.0;
				MARKETING_VERSION = 1.0;
				PRODUCT_BUNDLE_IDENTIFIER = "com.Aplaice.xcresult-summary-appTests";
				PRODUCT_NAME = "$(TARGET_NAME)";
				SWIFT_EMIT_LOC_STRINGS = NO;
				SWIFT_VERSION = 5.0;
				TARGETED_DEVICE_FAMILY = "1,2";
				TEST_HOST = "$(BUILT_PRODUCTS_DIR)/xcresult-summary-app.app/$(BUNDLE_EXECUTABLE_FOLDER_PATH)/xcresult-summary-app";
			};
			name = Debug;
		};
		92BCEC5D2CCBA69B007CA175 /* Release */ = {
			isa = XCBuildConfiguration;
			buildSettings = {
				BUNDLE_LOADER = "$(TEST_HOST)";
				CODE_SIGN_STYLE = Automatic;
				CURRENT_PROJECT_VERSION = 1;
				DEVELOPMENT_TEAM = 8CDS4RQQHP;
				GENERATE_INFOPLIST_FILE = YES;
				IPHONEOS_DEPLOYMENT_TARGET = 18.0;
				MARKETING_VERSION = 1.0;
				PRODUCT_BUNDLE_IDENTIFIER = "com.Aplaice.xcresult-summary-appTests";
				PRODUCT_NAME = "$(TARGET_NAME)";
				SWIFT_EMIT_LOC_STRINGS = NO;
				SWIFT_VERSION = 5.0;
				TARGETED_DEVICE_FAMILY = "1,2";
				TEST_HOST = "$(BUILT_PRODUCTS_DIR)/xcresult-summary-app.app/$(BUNDLE_EXECUTABLE_FOLDER_PATH)/xcresult-summary-app";
			};
			name = Release;
		};
		92BCEC5F2CCBA69B007CA175 /* Debug */ = {
			isa = XCBuildConfiguration;
			buildSettings = {
				CODE_SIGN_STYLE = Automatic;
				CURRENT_PROJECT_VERSION = 1;
				DEVELOPMENT_TEAM = 8CDS4RQQHP;
				GENERATE_INFOPLIST_FILE = YES;
				MARKETING_VERSION = 1.0;
				PRODUCT_BUNDLE_IDENTIFIER = "com.Aplaice.xcresult-summary-appUITests";
				PRODUCT_NAME = "$(TARGET_NAME)";
				SWIFT_EMIT_LOC_STRINGS = NO;
				SWIFT_VERSION = 5.0;
				TARGETED_DEVICE_FAMILY = "1,2";
				TEST_TARGET_NAME = "xcresult-summary-app";
			};
			name = Debug;
		};
		92BCEC602CCBA69B007CA175 /* Release */ = {
			isa = XCBuildConfiguration;
			buildSettings = {
				CODE_SIGN_STYLE = Automatic;
				CURRENT_PROJECT_VERSION = 1;
				DEVELOPMENT_TEAM = 8CDS4RQQHP;
				GENERATE_INFOPLIST_FILE = YES;
				MARKETING_VERSION = 1.0;
				PRODUCT_BUNDLE_IDENTIFIER = "com.Aplaice.xcresult-summary-appUITests";
				PRODUCT_NAME = "$(TARGET_NAME)";
				SWIFT_EMIT_LOC_STRINGS = NO;
				SWIFT_VERSION = 5.0;
				TARGETED_DEVICE_FAMILY = "1,2";
				TEST_TARGET_NAME = "xcresult-summary-app";
			};
			name = Release;
		};
/* End XCBuildConfiguration section */

/* Begin XCConfigurationList section */
		92BCEC2F2CCBA699007CA175 /* Build configuration list for PBXProject "xcresult-summary-app" */ = {
			isa = XCConfigurationList;
			buildConfigurations = (
				92BCEC562CCBA69B007CA175 /* Debug */,
				92BCEC572CCBA69B007CA175 /* Release */,
			);
			defaultConfigurationIsVisible = 0;
			defaultConfigurationName = Release;
		};
		92BCEC582CCBA69B007CA175 /* Build configuration list for PBXNativeTarget "xcresult-summary-app" */ = {
			isa = XCConfigurationList;
			buildConfigurations = (
				92BCEC592CCBA69B007CA175 /* Debug */,
				92BCEC5A2CCBA69B007CA175 /* Release */,
			);
			defaultConfigurationIsVisible = 0;
			defaultConfigurationName = Release;
		};
		92BCEC5B2CCBA69B007CA175 /* Build configuration list for PBXNativeTarget "xcresult-summary-appTests" */ = {
			isa = XCConfigurationList;
			buildConfigurations = (
				92BCEC5C2CCBA69B007CA175 /* Debug */,
				92BCEC5D2CCBA69B007CA175 /* Release */,
			);
			defaultConfigurationIsVisible = 0;
			defaultConfigurationName = Release;
		};
		92BCEC5E2CCBA69B007CA175 /* Build configuration list for PBXNativeTarget "xcresult-summary-appUITests" */ = {
			isa = XCConfigurationList;
			buildConfigurations = (
				92BCEC5F2CCBA69B007CA175 /* Debug */,
				92BCEC602CCBA69B007CA175 /* Release */,
			);
			defaultConfigurationIsVisible = 0;
			defaultConfigurationName = Release;
		};
/* End XCConfigurationList section */
	};
	rootObject = 92BCEC2C2CCBA699007CA175 /* Project object */;
}
